langcode: en
status: true
dependencies:
  module:
    - markaspot_blocks
  theme:
    - radix
id: radix_markaspotinformationblock
theme: radix
region: content
weight: -6
provider: null
plugin: 'Markaspot Info Block'
settings:
  id: 'Markaspot Info Block'
  label: Welcome!
  provider: markaspot_blocks
  label_display: visible
visibility: {  }
